{
  "requires": true,
  "lockfileVersion": 1,
  "dependencies": {
    "eslint-config-standard": {
      "version": "14.1.1",
      "resolved": "https://registry.npmjs.org/eslint-config-standard/-/eslint-config-standard-14.1.1.tgz",
      "integrity": "sha512-Z9B+VR+JIXRxz21udPTL9HpFMyoMUEeX1G251EQ6e05WD9aPVtVBn09XUmZ259wCMlCDmYDSZG62Hhm+ZTJcUg=="
    }
  }
}
